// !$*UTF8*$!
{
	archiveVersion = 1;
	classes = {
	};
	objectVersion = 46;
	objects = {

/* Begin PBXBuildFile section */
		EEB956451C619D24004646DA /* main.m in Sources */ = {isa = PBXBuildFile; fileRef = EEB956441C619D24004646DA /* main.m */; };
		EEB956481C619D24004646DA /* AppDelegate.m in Sources */ = {isa = PBXBuildFile; fileRef = EEB956471C619D24004646DA /* AppDelegate.m */; };
		EEB9564B1C619D24004646DA /* ViewController.m in Sources */ = {isa = PBXBuildFile; fileRef = EEB9564A1C619D24004646DA /* ViewController.m */; };
		EEB9564E1C619D24004646DA /* Main.storyboard in Resources */ = {isa = PBXBuildFile; fileRef = EEB9564C1C619D24004646DA /* Main.storyboard */; };
		EEB956511C619D24004646DA /* hzch.xcdatamodeld in Sources */ = {isa = PBXBuildFile; fileRef = EEB9564F1C619D24004646DA /* hzch.xcdatamodeld */; };
		EEB956531C619D24004646DA /* Assets.xcassets in Resources */ = {isa = PBXBuildFile; fileRef = EEB956521C619D24004646DA /* Assets.xcassets */; };
		EEB956561C619D24004646DA /* LaunchScreen.storyboard in Resources */ = {isa = PBXBuildFile; fileRef = EEB956541C619D24004646DA /* LaunchScreen.storyboard */; };
		EEB956611C619D24004646DA /* hzchTests.m in Sources */ = {isa = PBXBuildFile; fileRef = EEB956601C619D24004646DA /* hzchTests.m */; };
		EEB9566C1C619D24004646DA /* hzchUITests.m in Sources */ = {isa = PBXBuildFile; fileRef = EEB9566B1C619D24004646DA /* hzchUITests.m */; };
		EEB9568B1C61A08D004646DA /* JCHCATransform3D.m in Sources */ = {isa = PBXBuildFile; fileRef = EEB9567C1C61A08D004646DA /* JCHCATransform3D.m */; };
		EEB9568C1C61A08D004646DA /* JCHAutoLayoutProgram.m in Sources */ = {isa = PBXBuildFile; fileRef = EEB9567F1C61A08D004646DA /* JCHAutoLayoutProgram.m */; };
		EEB9568D1C61A08D004646DA /* JCHSingleton.m in Sources */ = {isa = PBXBuildFile; fileRef = EEB956821C61A08D004646DA /* JCHSingleton.m */; };
		EEB9568E1C61A08D004646DA /* JCHGCD.m in Sources */ = {isa = PBXBuildFile; fileRef = EEB956851C61A08D004646DA /* JCHGCD.m */; };
		EEB9568F1C61A08D004646DA /* image@2x~ipad.jpg in Resources */ = {isa = PBXBuildFile; fileRef = EEB956871C61A08D004646DA /* image@2x~ipad.jpg */; };
		EEB956901C61A08D004646DA /* image@2x~iphone.jpg in Resources */ = {isa = PBXBuildFile; fileRef = EEB956881C61A08D004646DA /* image@2x~iphone.jpg */; };
		EEB956911C61A08D004646DA /* image~ipad.jpg in Resources */ = {isa = PBXBuildFile; fileRef = EEB956891C61A08D004646DA /* image~ipad.jpg */; };
		EEB956921C61A08D004646DA /* image~iphone.jpg in Resources */ = {isa = PBXBuildFile; fileRef = EEB9568A1C61A08D004646DA /* image~iphone.jpg */; };
		EEB956A01C61A606004646DA /* image.jpg in Resources */ = {isa = PBXBuildFile; fileRef = EEB956941C61A606004646DA /* image.jpg */; };
		EEB956A11C61A606004646DA /* Localizable.strings in Resources */ = {isa = PBXBuildFile; fileRef = EEB956961C61A606004646DA /* Localizable.strings */; };
		EEB956A21C61A606004646DA /* JCHLocalization.m in Sources */ = {isa = PBXBuildFile; fileRef = EEB956991C61A606004646DA /* JCHLocalization.m */; };
		EEB956A31C61A606004646DA /* LocalizationsUtil.m in Sources */ = {isa = PBXBuildFile; fileRef = EEB9569B1C61A606004646DA /* LocalizationsUtil.m */; };
		EEB956A41C61A606004646DA /* NSString+Localizations.m in Sources */ = {isa = PBXBuildFile; fileRef = EEB9569D1C61A606004646DA /* NSString+Localizations.m */; };
		EEB956AD1C61A6D2004646DA /* NLCoreAnimation.m in Sources */ = {isa = PBXBuildFile; fileRef = EEB956A71C61A6D2004646DA /* NLCoreAnimation.m */; };
		EEB956AE1C61A6D2004646DA /* NLCoreGraphics.m in Sources */ = {isa = PBXBuildFile; fileRef = EEB956A91C61A6D2004646DA /* NLCoreGraphics.m */; };
		EEB956AF1C61A6D2004646DA /* NLMath.m in Sources */ = {isa = PBXBuildFile; fileRef = EEB956AB1C61A6D2004646DA /* NLMath.m */; };
/* End PBXBuildFile section */

/* Begin PBXContainerItemProxy section */
		EEB9565D1C619D24004646DA /* PBXContainerItemProxy */ = {
			isa = PBXContainerItemProxy;
			containerPortal = EEB956381C619D24004646DA /* Project object */;
			proxyType = 1;
			remoteGlobalIDString = EEB9563F1C619D24004646DA;
			remoteInfo = hzch;
		};
		EEB956681C619D24004646DA /* PBXContainerItemProxy */ = {
			isa = PBXContainerItemProxy;
			containerPortal = EEB956381C619D24004646DA /* Project object */;
			proxyType = 1;
			remoteGlobalIDString = EEB9563F1C619D24004646DA;
			remoteInfo = hzch;
		};
/* End PBXContainerItemProxy section */

/* Begin PBXFileReference section */
		EEB956401C619D24004646DA /* hzch.app */ = {isa = PBXFileReference; explicitFileType = wrapper.application; includeInIndex = 0; path = hzch.app; sourceTree = BUILT_PRODUCTS_DIR; };
		EEB956441C619D24004646DA /* main.m */ = {isa = PBXFileReference; lastKnownFileType = sourcecode.c.objc; path = main.m; sourceTree = "<group>"; };
		EEB956461C619D24004646DA /* AppDelegate.h */ = {isa = PBXFileReference; lastKnownFileType = sourcecode.c.h; path = AppDelegate.h; sourceTree = "<group>"; };
		EEB956471C619D24004646DA /* AppDelegate.m */ = {isa = PBXFileReference; lastKnownFileType = sourcecode.c.objc; path = AppDelegate.m; sourceTree = "<group>"; };
		EEB956491C619D24004646DA /* ViewController.h */ = {isa = PBXFileReference; lastKnownFileType = sourcecode.c.h; path = ViewController.h; sourceTree = "<group>"; };
		EEB9564A1C619D24004646DA /* ViewController.m */ = {isa = PBXFileReference; lastKnownFileType = sourcecode.c.objc; path = ViewController.m; sourceTree = "<group>"; };
		EEB9564D1C619D24004646DA /* Base */ = {isa = PBXFileReference; lastKnownFileType = file.storyboard; name = Base; path = Base.lproj/Main.storyboard; sourceTree = "<group>"; };
		EEB956501C619D24004646DA /* hzch.xcdatamodel */ = {isa = PBXFileReference; lastKnownFileType = wrapper.xcdatamodel; path = hzch.xcdatamodel; sourceTree = "<group>"; };
		EEB956521C619D24004646DA /* Assets.xcassets */ = {isa = PBXFileReference; lastKnownFileType = folder.assetcatalog; path = Assets.xcassets; sourceTree = "<group>"; };
		EEB956551C619D24004646DA /* Base */ = {isa = PBXFileReference; lastKnownFileType = file.storyboard; name = Base; path = Base.lproj/LaunchScreen.storyboard; sourceTree = "<group>"; };
		EEB956571C619D24004646DA /* Info.plist */ = {isa = PBXFileReference; lastKnownFileType = text.plist.xml; path = Info.plist; sourceTree = "<group>"; };
		EEB9565C1C619D24004646DA /* hzchTests.xctest */ = {isa = PBXFileReference; explicitFileType = wrapper.cfbundle; includeInIndex = 0; path = hzchTests.xctest; sourceTree = BUILT_PRODUCTS_DIR; };
		EEB956601C619D24004646DA /* hzchTests.m */ = {isa = PBXFileReference; lastKnownFileType = sourcecode.c.objc; path = hzchTests.m; sourceTree = "<group>"; };
		EEB956621C619D24004646DA /* Info.plist */ = {isa = PBXFileReference; lastKnownFileType = text.plist.xml; path = Info.plist; sourceTree = "<group>"; };
		EEB956671C619D24004646DA /* hzchUITests.xctest */ = {isa = PBXFileReference; explicitFileType = wrapper.cfbundle; includeInIndex = 0; path = hzchUITests.xctest; sourceTree = BUILT_PRODUCTS_DIR; };
		EEB9566B1C619D24004646DA /* hzchUITests.m */ = {isa = PBXFileReference; lastKnownFileType = sourcecode.c.objc; path = hzchUITests.m; sourceTree = "<group>"; };
		EEB9566D1C619D24004646DA /* Info.plist */ = {isa = PBXFileReference; lastKnownFileType = text.plist.xml; path = Info.plist; sourceTree = "<group>"; };
		EEB9567B1C61A08D004646DA /* JCHCATransform3D.h */ = {isa = PBXFileReference; fileEncoding = 4; lastKnownFileType = sourcecode.c.h; path = JCHCATransform3D.h; sourceTree = "<group>"; };
		EEB9567C1C61A08D004646DA /* JCHCATransform3D.m */ = {isa = PBXFileReference; fileEncoding = 4; lastKnownFileType = sourcecode.c.objc; path = JCHCATransform3D.m; sourceTree = "<group>"; };
		EEB9567E1C61A08D004646DA /* JCHAutoLayoutProgram.h */ = {isa = PBXFileReference; fileEncoding = 4; lastKnownFileType = sourcecode.c.h; path = JCHAutoLayoutProgram.h; sourceTree = "<group>"; };
		EEB9567F1C61A08D004646DA /* JCHAutoLayoutProgram.m */ = {isa = PBXFileReference; fileEncoding = 4; lastKnownFileType = sourcecode.c.objc; path = JCHAutoLayoutProgram.m; sourceTree = "<group>"; };
		EEB956811C61A08D004646DA /* JCHSingleton.h */ = {isa = PBXFileReference; fileEncoding = 4; lastKnownFileType = sourcecode.c.h; path = JCHSingleton.h; sourceTree = "<group>"; };
		EEB956821C61A08D004646DA /* JCHSingleton.m */ = {isa = PBXFileReference; fileEncoding = 4; lastKnownFileType = sourcecode.c.objc; path = JCHSingleton.m; sourceTree = "<group>"; };
		EEB956841C61A08D004646DA /* JCHGCD.h */ = {isa = PBXFileReference; fileEncoding = 4; lastKnownFileType = sourcecode.c.h; path = JCHGCD.h; sourceTree = "<group>"; };
		EEB956851C61A08D004646DA /* JCHGCD.m */ = {isa = PBXFileReference; fileEncoding = 4; lastKnownFileType = sourcecode.c.objc; path = JCHGCD.m; sourceTree = "<group>"; };
		EEB956871C61A08D004646DA /* image@2x~ipad.jpg */ = {isa = PBXFileReference; lastKnownFileType = image.jpeg; path = "image@2x~ipad.jpg"; sourceTree = "<group>"; };
		EEB956881C61A08D004646DA /* image@2x~iphone.jpg */ = {isa = PBXFileReference; lastKnownFileType = image.jpeg; path = "image@2x~iphone.jpg"; sourceTree = "<group>"; };
		EEB956891C61A08D004646DA /* image~ipad.jpg */ = {isa = PBXFileReference; lastKnownFileType = image.jpeg; path = "image~ipad.jpg"; sourceTree = "<group>"; };
		EEB9568A1C61A08D004646DA /* image~iphone.jpg */ = {isa = PBXFileReference; lastKnownFileType = image.jpeg; path = "image~iphone.jpg"; sourceTree = "<group>"; };
		EEB956951C61A606004646DA /* en */ = {isa = PBXFileReference; lastKnownFileType = image.jpeg; name = en; path = en.lproj/image.jpg; sourceTree = "<group>"; };
		EEB956971C61A606004646DA /* en */ = {isa = PBXFileReference; lastKnownFileType = text.plist.strings; name = en; path = en.lproj/Localizable.strings; sourceTree = "<group>"; };
		EEB956981C61A606004646DA /* JCHLocalization.h */ = {isa = PBXFileReference; fileEncoding = 4; lastKnownFileType = sourcecode.c.h; path = JCHLocalization.h; sourceTree = "<group>"; };
		EEB956991C61A606004646DA /* JCHLocalization.m */ = {isa = PBXFileReference; fileEncoding = 4; lastKnownFileType = sourcecode.c.objc; path = JCHLocalization.m; sourceTree = "<group>"; };
		EEB9569A1C61A606004646DA /* LocalizationsUtil.h */ = {isa = PBXFileReference; fileEncoding = 4; lastKnownFileType = sourcecode.c.h; path = LocalizationsUtil.h; sourceTree = "<group>"; };
		EEB9569B1C61A606004646DA /* LocalizationsUtil.m */ = {isa = PBXFileReference; fileEncoding = 4; lastKnownFileType = sourcecode.c.objc; path = LocalizationsUtil.m; sourceTree = "<group>"; };
		EEB9569C1C61A606004646DA /* NSString+Localizations.h */ = {isa = PBXFileReference; fileEncoding = 4; lastKnownFileType = sourcecode.c.h; path = "NSString+Localizations.h"; sourceTree = "<group>"; };
		EEB9569D1C61A606004646DA /* NSString+Localizations.m */ = {isa = PBXFileReference; fileEncoding = 4; lastKnownFileType = sourcecode.c.objc; path = "NSString+Localizations.m"; sourceTree = "<group>"; };
		EEB9569E1C61A606004646DA /* zh-Hans */ = {isa = PBXFileReference; lastKnownFileType = image.jpeg; name = "zh-Hans"; path = "zh-Hans.lproj/image.jpg"; sourceTree = "<group>"; };
		EEB9569F1C61A606004646DA /* zh-Hans */ = {isa = PBXFileReference; lastKnownFileType = text.plist.strings; name = "zh-Hans"; path = "zh-Hans.lproj/Localizable.strings"; sourceTree = "<group>"; };
		EEB956A61C61A6D2004646DA /* NLCoreAnimation.h */ = {isa = PBXFileReference; fileEncoding = 4; lastKnownFileType = sourcecode.c.h; path = NLCoreAnimation.h; sourceTree = "<group>"; };
		EEB956A71C61A6D2004646DA /* NLCoreAnimation.m */ = {isa = PBXFileReference; fileEncoding = 4; lastKnownFileType = sourcecode.c.objc; path = NLCoreAnimation.m; sourceTree = "<group>"; };
		EEB956A81C61A6D2004646DA /* NLCoreGraphics.h */ = {isa = PBXFileReference; fileEncoding = 4; lastKnownFileType = sourcecode.c.h; path = NLCoreGraphics.h; sourceTree = "<group>"; };
		EEB956A91C61A6D2004646DA /* NLCoreGraphics.m */ = {isa = PBXFileReference; fileEncoding = 4; lastKnownFileType = sourcecode.c.objc; path = NLCoreGraphics.m; sourceTree = "<group>"; };
		EEB956AA1C61A6D2004646DA /* NLMath.h */ = {isa = PBXFileReference; fileEncoding = 4; lastKnownFileType = sourcecode.c.h; path = NLMath.h; sourceTree = "<group>"; };
		EEB956AB1C61A6D2004646DA /* NLMath.m */ = {isa = PBXFileReference; fileEncoding = 4; lastKnownFileType = sourcecode.c.objc; path = NLMath.m; sourceTree = "<group>"; };
		EEB956AC1C61A6D2004646DA /* NLNote.h */ = {isa = PBXFileReference; fileEncoding = 4; lastKnownFileType = sourcecode.c.h; path = NLNote.h; sourceTree = "<group>"; };
/* End PBXFileReference section */

/* Begin PBXFrameworksBuildPhase section */
		EEB9563D1C619D24004646DA /* Frameworks */ = {
			isa = PBXFrameworksBuildPhase;
			buildActionMask = 2147483647;
			files = (
			);
			runOnlyForDeploymentPostprocessing = 0;
		};
		EEB956591C619D24004646DA /* Frameworks */ = {
			isa = PBXFrameworksBuildPhase;
			buildActionMask = 2147483647;
			files = (
			);
			runOnlyForDeploymentPostprocessing = 0;
		};
		EEB956641C619D24004646DA /* Frameworks */ = {
			isa = PBXFrameworksBuildPhase;
			buildActionMask = 2147483647;
			files = (
			);
			runOnlyForDeploymentPostprocessing = 0;
		};
/* End PBXFrameworksBuildPhase section */

/* Begin PBXGroup section */
		EEB956371C619D24004646DA = {
			isa = PBXGroup;
			children = (
				EEB956421C619D24004646DA /* hzch */,
				EEB9565F1C619D24004646DA /* hzchTests */,
				EEB9566A1C619D24004646DA /* hzchUITests */,
				EEB956411C619D24004646DA /* Products */,
			);
			sourceTree = "<group>";
		};
		EEB956411C619D24004646DA /* Products */ = {
			isa = PBXGroup;
			children = (
				EEB956401C619D24004646DA /* hzch.app */,
				EEB9565C1C619D24004646DA /* hzchTests.xctest */,
				EEB956671C619D24004646DA /* hzchUITests.xctest */,
			);
			name = Products;
			sourceTree = "<group>";
		};
		EEB956421C619D24004646DA /* hzch */ = {
			isa = PBXGroup;
			children = (
				EEB956791C61A08D004646DA /* Class */,
				EEB956461C619D24004646DA /* AppDelegate.h */,
				EEB956471C619D24004646DA /* AppDelegate.m */,
				EEB956491C619D24004646DA /* ViewController.h */,
				EEB9564A1C619D24004646DA /* ViewController.m */,
				EEB9564C1C619D24004646DA /* Main.storyboard */,
				EEB956521C619D24004646DA /* Assets.xcassets */,
				EEB956541C619D24004646DA /* LaunchScreen.storyboard */,
				EEB956571C619D24004646DA /* Info.plist */,
				EEB9564F1C619D24004646DA /* hzch.xcdatamodeld */,
				EEB956431C619D24004646DA /* Supporting Files */,
			);
			path = hzch;
			sourceTree = "<group>";
		};
		EEB956431C619D24004646DA /* Supporting Files */ = {
			isa = PBXGroup;
			children = (
				EEB956441C619D24004646DA /* main.m */,
			);
			name = "Supporting Files";
			sourceTree = "<group>";
		};
		EEB9565F1C619D24004646DA /* hzchTests */ = {
			isa = PBXGroup;
			children = (
				EEB956601C619D24004646DA /* hzchTests.m */,
				EEB956621C619D24004646DA /* Info.plist */,
			);
			path = hzchTests;
			sourceTree = "<group>";
		};
		EEB9566A1C619D24004646DA /* hzchUITests */ = {
			isa = PBXGroup;
			children = (
				EEB9566B1C619D24004646DA /* hzchUITests.m */,
				EEB9566D1C619D24004646DA /* Info.plist */,
			);
			path = hzchUITests;
			sourceTree = "<group>";
		};
		EEB956791C61A08D004646DA /* Class */ = {
			isa = PBXGroup;
			children = (
				EEB956A51C61A6D2004646DA /* Guide */,
				EEB9567A1C61A08D004646DA /* Animations */,
				EEB9567D1C61A08D004646DA /* AutoLayout */,
				EEB956931C61A606004646DA /* Localization */,
				EEB956801C61A08D004646DA /* Singleton */,
				EEB956831C61A08D004646DA /* Thread */,
				EEB956861C61A08D004646DA /* Universal */,
			);
			path = Class;
			sourceTree = "<group>";
		};
		EEB9567A1C61A08D004646DA /* Animations */ = {
			isa = PBXGroup;
			children = (
				EEB9567B1C61A08D004646DA /* JCHCATransform3D.h */,
				EEB9567C1C61A08D004646DA /* JCHCATransform3D.m */,
			);
			path = Animations;
			sourceTree = "<group>";
		};
		EEB9567D1C61A08D004646DA /* AutoLayout */ = {
			isa = PBXGroup;
			children = (
				EEB9567E1C61A08D004646DA /* JCHAutoLayoutProgram.h */,
				EEB9567F1C61A08D004646DA /* JCHAutoLayoutProgram.m */,
			);
			path = AutoLayout;
			sourceTree = "<group>";
		};
		EEB956801C61A08D004646DA /* Singleton */ = {
			isa = PBXGroup;
			children = (
				EEB956811C61A08D004646DA /* JCHSingleton.h */,
				EEB956821C61A08D004646DA /* JCHSingleton.m */,
			);
			path = Singleton;
			sourceTree = "<group>";
		};
		EEB956831C61A08D004646DA /* Thread */ = {
			isa = PBXGroup;
			children = (
				EEB956841C61A08D004646DA /* JCHGCD.h */,
				EEB956851C61A08D004646DA /* JCHGCD.m */,
			);
			path = Thread;
			sourceTree = "<group>";
		};
		EEB956861C61A08D004646DA /* Universal */ = {
			isa = PBXGroup;
			children = (
				EEB956871C61A08D004646DA /* image@2x~ipad.jpg */,
				EEB956881C61A08D004646DA /* image@2x~iphone.jpg */,
				EEB956891C61A08D004646DA /* image~ipad.jpg */,
				EEB9568A1C61A08D004646DA /* image~iphone.jpg */,
			);
			path = Universal;
			sourceTree = "<group>";
		};
		EEB956931C61A606004646DA /* Localization */ = {
			isa = PBXGroup;
			children = (
				EEB956941C61A606004646DA /* image.jpg */,
				EEB956961C61A606004646DA /* Localizable.strings */,
				EEB956981C61A606004646DA /* JCHLocalization.h */,
				EEB956991C61A606004646DA /* JCHLocalization.m */,
				EEB9569A1C61A606004646DA /* LocalizationsUtil.h */,
				EEB9569B1C61A606004646DA /* LocalizationsUtil.m */,
				EEB9569C1C61A606004646DA /* NSString+Localizations.h */,
				EEB9569D1C61A606004646DA /* NSString+Localizations.m */,
			);
			path = Localization;
			sourceTree = "<group>";
		};
		EEB956A51C61A6D2004646DA /* Guide */ = {
			isa = PBXGroup;
			children = (
				EEB956A61C61A6D2004646DA /* NLCoreAnimation.h */,
				EEB956A71C61A6D2004646DA /* NLCoreAnimation.m */,
				EEB956A81C61A6D2004646DA /* NLCoreGraphics.h */,
				EEB956A91C61A6D2004646DA /* NLCoreGraphics.m */,
				EEB956AA1C61A6D2004646DA /* NLMath.h */,
				EEB956AB1C61A6D2004646DA /* NLMath.m */,
				EEB956AC1C61A6D2004646DA /* NLNote.h */,
			);
			path = Guide;
			sourceTree = "<group>";
		};
/* End PBXGroup section */

/* Begin PBXNativeTarget section */
		EEB9563F1C619D24004646DA /* hzch */ = {
			isa = PBXNativeTarget;
			buildConfigurationList = EEB956701C619D24004646DA /* Build configuration list for PBXNativeTarget "hzch" */;
			buildPhases = (
				EEB9563C1C619D24004646DA /* Sources */,
				EEB9563D1C619D24004646DA /* Frameworks */,
				EEB9563E1C619D24004646DA /* Resources */,
			);
			buildRules = (
			);
			dependencies = (
			);
			name = hzch;
			productName = hzch;
			productReference = EEB956401C619D24004646DA /* hzch.app */;
			productType = "com.apple.product-type.application";
		};
		EEB9565B1C619D24004646DA /* hzchTests */ = {
			isa = PBXNativeTarget;
			buildConfigurationList = EEB956731C619D24004646DA /* Build configuration list for PBXNativeTarget "hzchTests" */;
			buildPhases = (
				EEB956581C619D24004646DA /* Sources */,
				EEB956591C619D24004646DA /* Frameworks */,
				EEB9565A1C619D24004646DA /* Resources */,
			);
			buildRules = (
			);
			dependencies = (
				EEB9565E1C619D24004646DA /* PBXTargetDependency */,
			);
			name = hzchTests;
			productName = hzchTests;
			productReference = EEB9565C1C619D24004646DA /* hzchTests.xctest */;
			productType = "com.apple.product-type.bundle.unit-test";
		};
		EEB956661C619D24004646DA /* hzchUITests */ = {
			isa = PBXNativeTarget;
			buildConfigurationList = EEB956761C619D24004646DA /* Build configuration list for PBXNativeTarget "hzchUITests" */;
			buildPhases = (
				EEB956631C619D24004646DA /* Sources */,
				EEB956641C619D24004646DA /* Frameworks */,
				EEB956651C619D24004646DA /* Resources */,
			);
			buildRules = (
			);
			dependencies = (
				EEB956691C619D24004646DA /* PBXTargetDependency */,
			);
			name = hzchUITests;
			productName = hzchUITests;
			productReference = EEB956671C619D24004646DA /* hzchUITests.xctest */;
			productType = "com.apple.product-type.bundle.ui-testing";
		};
/* End PBXNativeTarget section */

/* Begin PBXProject section */
		EEB956381C619D24004646DA /* Project object */ = {
			isa = PBXProject;
			attributes = {
				LastUpgradeCheck = 0720;
				ORGANIZATIONNAME = hzch;
				TargetAttributes = {
					EEB9563F1C619D24004646DA = {
						CreatedOnToolsVersion = 7.2.1;
					};
					EEB9565B1C619D24004646DA = {
						CreatedOnToolsVersion = 7.2.1;
						TestTargetID = EEB9563F1C619D24004646DA;
					};
					EEB956661C619D24004646DA = {
						CreatedOnToolsVersion = 7.2.1;
						TestTargetID = EEB9563F1C619D24004646DA;
					};
				};
			};
			buildConfigurationList = EEB9563B1C619D24004646DA /* Build configuration list for PBXProject "hzch" */;
			compatibilityVersion = "Xcode 3.2";
			developmentRegion = English;
			hasScannedForEncodings = 0;
			knownRegions = (
				en,
				Base,
				"zh-Hans",
			);
			mainGroup = EEB956371C619D24004646DA;
			productRefGroup = EEB956411C619D24004646DA /* Products */;
			projectDirPath = "";
			projectRoot = "";
			targets = (
				EEB9563F1C619D24004646DA /* hzch */,
				EEB9565B1C619D24004646DA /* hzchTests */,
				EEB956661C619D24004646DA /* hzchUITests */,
			);
		};
/* End PBXProject section */

/* Begin PBXResourcesBuildPhase section */
		EEB9563E1C619D24004646DA /* Resources */ = {
			isa = PBXResourcesBuildPhase;
			buildActionMask = 2147483647;
			files = (
				EEB956911C61A08D004646DA /* image~ipad.jpg in Resources */,
				EEB956921C61A08D004646DA /* image~iphone.jpg in Resources */,
				EEB956561C619D24004646DA /* LaunchScreen.storyboard in Resources */,
				EEB956A01C61A606004646DA /* image.jpg in Resources */,
				EEB956A11C61A606004646DA /* Localizable.strings in Resources */,
				EEB9568F1C61A08D004646DA /* image@2x~ipad.jpg in Resources */,
				EEB956531C619D24004646DA /* Assets.xcassets in Resources */,
				EEB956901C61A08D004646DA /* image@2x~iphone.jpg in Resources */,
				EEB9564E1C619D24004646DA /* Main.storyboard in Resources */,
			);
			runOnlyForDeploymentPostprocessing = 0;
		};
		EEB9565A1C619D24004646DA /* Resources */ = {
			isa = PBXResourcesBuildPhase;
			buildActionMask = 2147483647;
			files = (
			);
			runOnlyForDeploymentPostprocessing = 0;
		};
		EEB956651C619D24004646DA /* Resources */ = {
			isa = PBXResourcesBuildPhase;
			buildActionMask = 2147483647;
			files = (
			);
			runOnlyForDeploymentPostprocessing = 0;
		};
/* End PBXResourcesBuildPhase section */

/* Begin PBXSourcesBuildPhase section */
		EEB9563C1C619D24004646DA /* Sources */ = {
			isa = PBXSourcesBuildPhase;
			buildActionMask = 2147483647;
			files = (
				EEB9564B1C619D24004646DA /* ViewController.m in Sources */,
				EEB9568C1C61A08D004646DA /* JCHAutoLayoutProgram.m in Sources */,
				EEB956481C619D24004646DA /* AppDelegate.m in Sources */,
				EEB956511C619D24004646DA /* hzch.xcdatamodeld in Sources */,
				EEB956A31C61A606004646DA /* LocalizationsUtil.m in Sources */,
				EEB956451C619D24004646DA /* main.m in Sources */,
				EEB956A21C61A606004646DA /* JCHLocalization.m in Sources */,
				EEB956AD1C61A6D2004646DA /* NLCoreAnimation.m in Sources */,
				EEB9568B1C61A08D004646DA /* JCHCATransform3D.m in Sources */,
				EEB956A41C61A606004646DA /* NSString+Localizations.m in Sources */,
				EEB9568E1C61A08D004646DA /* JCHGCD.m in Sources */,
				EEB956AF1C61A6D2004646DA /* NLMath.m in Sources */,
				EEB9568D1C61A08D004646DA /* JCHSingleton.m in Sources */,
				EEB956AE1C61A6D2004646DA /* NLCoreGraphics.m in Sources */,
			);
			runOnlyForDeploymentPostprocessing = 0;
		};
		EEB956581C619D24004646DA /* Sources */ = {
			isa = PBXSourcesBuildPhase;
			buildActionMask = 2147483647;
			files = (
				EEB956611C619D24004646DA /* hzchTests.m in Sources */,
			);
			runOnlyForDeploymentPostprocessing = 0;
		};
		EEB956631C619D24004646DA /* Sources */ = {
			isa = PBXSourcesBuildPhase;
			buildActionMask = 2147483647;
			files = (
				EEB9566C1C619D24004646DA /* hzchUITests.m in Sources */,
			);
			runOnlyForDeploymentPostprocessing = 0;
		};
/* End PBXSourcesBuildPhase section */

/* Begin PBXTargetDependency section */
		EEB9565E1C619D24004646DA /* PBXTargetDependency */ = {
			isa = PBXTargetDependency;
			target = EEB9563F1C619D24004646DA /* hzch */;
			targetProxy = EEB9565D1C619D24004646DA /* PBXContainerItemProxy */;
		};
		EEB956691C619D24004646DA /* PBXTargetDependency */ = {
			isa = PBXTargetDependency;
			target = EEB9563F1C619D24004646DA /* hzch */;
			targetProxy = EEB956681C619D24004646DA /* PBXContainerItemProxy */;
		};
/* End PBXTargetDependency section */

/* Begin PBXVariantGroup section */
		EEB9564C1C619D24004646DA /* Main.storyboard */ = {
			isa = PBXVariantGroup;
			children = (
				EEB9564D1C619D24004646DA /* Base */,
			);
			name = Main.storyboard;
			sourceTree = "<group>";
		};
		EEB956541C619D24004646DA /* LaunchScreen.storyboard */ = {
			isa = PBXVariantGroup;
			children = (
				EEB956551C619D24004646DA /* Base */,
			);
			name = LaunchScreen.storyboard;
			sourceTree = "<group>";
		};
		EEB956941C61A606004646DA /* image.jpg */ = {
			isa = PBXVariantGroup;
			children = (
				EEB956951C61A606004646DA /* en */,
				EEB9569E1C61A606004646DA /* zh-Hans */,
			);
			name = image.jpg;
			sourceTree = "<group>";
		};
		EEB956961C61A606004646DA /* Localizable.strings */ = {
			isa = PBXVariantGroup;
			children = (
				EEB956971C61A606004646DA /* en */,
				EEB9569F1C61A606004646DA /* zh-Hans */,
			);
			name = Localizable.strings;
			sourceTree = "<group>";
		};
/* End PBXVariantGroup section */

/* Begin XCBuildConfiguration section */
		EEB9566E1C619D24004646DA /* Debug */ = {
			isa = XCBuildConfiguration;
			buildSettings = {
				ALWAYS_SEARCH_USER_PATHS = NO;
				CLANG_CXX_LANGUAGE_STANDARD = "gnu++0x";
				CLANG_CXX_LIBRARY = "libc++";
				CLANG_ENABLE_MODULES = YES;
				CLANG_ENABLE_OBJC_ARC = YES;
				CLANG_WARN_BOOL_CONVERSION = YES;
				CLANG_WARN_CONSTANT_CONVERSION = YES;
				CLANG_WARN_DIRECT_OBJC_ISA_USAGE = YES_ERROR;
				CLANG_WARN_EMPTY_BODY = YES;
				CLANG_WARN_ENUM_CONVERSION = YES;
				CLANG_WARN_INT_CONVERSION = YES;
				CLANG_WARN_OBJC_ROOT_CLASS = YES_ERROR;
				CLANG_WARN_UNREACHABLE_CODE = YES;
				CLANG_WARN__DUPLICATE_METHOD_MATCH = YES;
				"CODE_SIGN_IDENTITY[sdk=iphoneos*]" = "iPhone Developer";
				COPY_PHASE_STRIP = NO;
				DEBUG_INFORMATION_FORMAT = dwarf;
				ENABLE_STRICT_OBJC_MSGSEND = YES;
				ENABLE_TESTABILITY = YES;
				GCC_C_LANGUAGE_STANDARD = gnu99;
				GCC_DYNAMIC_NO_PIC = NO;
				GCC_NO_COMMON_BLOCKS = YES;
				GCC_OPTIMIZATION_LEVEL = 0;
				GCC_PREPROCESSOR_DEFINITIONS = (
					"DEBUG=1",
					"$(inherited)",
				);
				GCC_WARN_64_TO_32_BIT_CONVERSION = YES;
				GCC_WARN_ABOUT_RETURN_TYPE = YES_ERROR;
				GCC_WARN_UNDECLARED_SELECTOR = YES;
				GCC_WARN_UNINITIALIZED_AUTOS = YES_AGGRESSIVE;
				GCC_WARN_UNUSED_FUNCTION = YES;
				GCC_WARN_UNUSED_VARIABLE = YES;
				IPHONEOS_DEPLOYMENT_TARGET = 9.2;
				MTL_ENABLE_DEBUG_INFO = YES;
				ONLY_ACTIVE_ARCH = YES;
				SDKROOT = iphoneos;
				TARGETED_DEVICE_FAMILY = "1,2";
			};
			name = Debug;
		};
		EEB9566F1C619D24004646DA /* Release */ = {
			isa = XCBuildConfiguration;
			buildSettings = {
				ALWAYS_SEARCH_USER_PATHS = NO;
				CLANG_CXX_LANGUAGE_STANDARD = "gnu++0x";
				CLANG_CXX_LIBRARY = "libc++";
				CLANG_ENABLE_MODULES = YES;
				CLANG_ENABLE_OBJC_ARC = YES;
				CLANG_WARN_BOOL_CONVERSION = YES;
				CLANG_WARN_CONSTANT_CONVERSION = YES;
				CLANG_WARN_DIRECT_OBJC_ISA_USAGE = YES_ERROR;
				CLANG_WARN_EMPTY_BODY = YES;
				CLANG_WARN_ENUM_CONVERSION = YES;
				CLANG_WARN_INT_CONVERSION = YES;
				CLANG_WARN_OBJC_ROOT_CLASS = YES_ERROR;
				CLANG_WARN_UNREACHABLE_CODE = YES;
				CLANG_WARN__DUPLICATE_METHOD_MATCH = YES;
				"CODE_SIGN_IDENTITY[sdk=iphoneos*]" = "iPhone Developer";
				COPY_PHASE_STRIP = NO;
				DEBUG_INFORMATION_FORMAT = "dwarf-with-dsym";
				ENABLE_NS_ASSERTIONS = NO;
				ENABLE_STRICT_OBJC_MSGSEND = YES;
				GCC_C_LANGUAGE_STANDARD = gnu99;
				GCC_NO_COMMON_BLOCKS = YES;
				GCC_WARN_64_TO_32_BIT_CONVERSION = YES;
				GCC_WARN_ABOUT_RETURN_TYPE = YES_ERROR;
				GCC_WARN_UNDECLARED_SELECTOR = YES;
				GCC_WARN_UNINITIALIZED_AUTOS = YES_AGGRESSIVE;
				GCC_WARN_UNUSED_FUNCTION = YES;
				GCC_WARN_UNUSED_VARIABLE = YES;
				IPHONEOS_DEPLOYMENT_TARGET = 9.2;
				MTL_ENABLE_DEBUG_INFO = NO;
				SDKROOT = iphoneos;
				TARGETED_DEVICE_FAMILY = "1,2";
				VALIDATE_PRODUCT = YES;
			};
			name = Release;
		};
		EEB956711C619D24004646DA /* Debug */ = {
			isa = XCBuildConfiguration;
			buildSettings = {
				ASSETCATALOG_COMPILER_APPICON_NAME = AppIcon;
				INFOPLIST_FILE = hzch/Info.plist;
				LD_RUNPATH_SEARCH_PATHS = "$(inherited) @executable_path/Frameworks";
				PRODUCT_BUNDLE_IDENTIFIER = com.hzch.hzch;
				PRODUCT_NAME = "$(TARGET_NAME)";
			};
			name = Debug;
		};
		EEB956721C619D24004646DA /* Release */ = {
			isa = XCBuildConfiguration;
			buildSettings = {
				ASSETCATALOG_COMPILER_APPICON_NAME = AppIcon;
				INFOPLIST_FILE = hzch/Info.plist;
				LD_RUNPATH_SEARCH_PATHS = "$(inherited) @executable_path/Frameworks";
				PRODUCT_BUNDLE_IDENTIFIER = com.hzch.hzch;
				PRODUCT_NAME = "$(TARGET_NAME)";
			};
			name = Release;
		};
		EEB956741C619D24004646DA /* Debug */ = {
			isa = XCBuildConfiguration;
			buildSettings = {
				BUNDLE_LOADER = "$(TEST_HOST)";
				INFOPLIST_FILE = hzchTests/Info.plist;
				LD_RUNPATH_SEARCH_PATHS = "$(inherited) @executable_path/Frameworks @loader_path/Frameworks";
				PRODUCT_BUNDLE_IDENTIFIER = com.hzch.hzchTests;
				PRODUCT_NAME = "$(TARGET_NAME)";
				TEST_HOST = "$(BUILT_PRODUCTS_DIR)/hzch.app/hzch";
			};
			name = Debug;
		};
		EEB956751C619D24004646DA /* Release */ = {
			isa = XCBuildConfiguration;
			buildSettings = {
				BUNDLE_LOADER = "$(TEST_HOST)";
				INFOPLIST_FILE = hzchTests/Info.plist;
				LD_RUNPATH_SEARCH_PATHS = "$(inherited) @executable_path/Frameworks @loader_path/Frameworks";
				PRODUCT_BUNDLE_IDENTIFIER = com.hzch.hzchTests;
				PRODUCT_NAME = "$(TARGET_NAME)";
				TEST_HOST = "$(BUILT_PRODUCTS_DIR)/hzch.app/hzch";
			};
			name = Release;
		};
		EEB956771C619D24004646DA /* Debug */ = {
			isa = XCBuildConfiguration;
			buildSettings = {
				INFOPLIST_FILE = hzchUITests/Info.plist;
				LD_RUNPATH_SEARCH_PATHS = "$(inherited) @executable_path/Frameworks @loader_path/Frameworks";
				PRODUCT_BUNDLE_IDENTIFIER = com.hzch.hzchUITests;
				PRODUCT_NAME = "$(TARGET_NAME)";
				TEST_TARGET_NAME = hzch;
				USES_XCTRUNNER = YES;
			};
			name = Debug;
		};
		EEB956781C619D24004646DA /* Release */ = {
			isa = XCBuildConfiguration;
			buildSettings = {
				INFOPLIST_FILE = hzchUITests/Info.plist;
				LD_RUNPATH_SEARCH_PATHS = "$(inherited) @executable_path/Frameworks @loader_path/Frameworks";
				PRODUCT_BUNDLE_IDENTIFIER = com.hzch.hzchUITests;
				PRODUCT_NAME = "$(TARGET_NAME)";
				TEST_TARGET_NAME = hzch;
				USES_XCTRUNNER = YES;
			};
			name = Release;
		};
/* End XCBuildConfiguration section */

/* Begin XCConfigurationList section */
		EEB9563B1C619D24004646DA /* Build configuration list for PBXProject "hzch" */ = {
			isa = XCConfigurationList;
			buildConfigurations = (
				EEB9566E1C619D24004646DA /* Debug */,
				EEB9566F1C619D24004646DA /* Release */,
			);
			defaultConfigurationIsVisible = 0;
			defaultConfigurationName = Release;
		};
		EEB956701C619D24004646DA /* Build configuration list for PBXNativeTarget "hzch" */ = {
			isa = XCConfigurationList;
			buildConfigurations = (
				EEB956711C619D24004646DA /* Debug */,
				EEB956721C619D24004646DA /* Release */,
			);
			defaultConfigurationIsVisible = 0;
			defaultConfigurationName = Release;
		};
		EEB956731C619D24004646DA /* Build configuration list for PBXNativeTarget "hzchTests" */ = {
			isa = XCConfigurationList;
			buildConfigurations = (
				EEB956741C619D24004646DA /* Debug */,
				EEB956751C619D24004646DA /* Release */,
			);
			defaultConfigurationIsVisible = 0;
			defaultConfigurationName = Release;
		};
		EEB956761C619D24004646DA /* Build configuration list for PBXNativeTarget "hzchUITests" */ = {
			isa = XCConfigurationList;
			buildConfigurations = (
				EEB956771C619D24004646DA /* Debug */,
				EEB956781C619D24004646DA /* Release */,
			);
			defaultConfigurationIsVisible = 0;
			defaultConfigurationName = Release;
		};
/* End XCConfigurationList section */

/* Begin XCVersionGroup section */
		EEB9564F1C619D24004646DA /* hzch.xcdatamodeld */ = {
			isa = XCVersionGroup;
			children = (
				EEB956501C619D24004646DA /* hzch.xcdatamodel */,
			);
			currentVersion = EEB956501C619D24004646DA /* hzch.xcdatamodel */;
			path = hzch.xcdatamodeld;
			sourceTree = "<group>";
			versionGroupType = wrapper.xcdatamodel;
		};
/* End XCVersionGroup section */
	};
	rootObject = EEB956381C619D24004646DA /* Project object */;
}
